// !$*UTF8*$!
{
	archiveVersion = 1;
	classes = {
	};
	objectVersion = 48;
	objects = {

/* Begin PBXBuildFile section */
		5275849C1FAA7ECD001CB470 /* RoundedTextField.swift in Sources */ = {isa = PBXBuildFile; fileRef = 5275849B1FAA7ECD001CB470 /* RoundedTextField.swift */; };
		52899B681FAA684300949684 /* CardsTableViewController.swift in Sources */ = {isa = PBXBuildFile; fileRef = 52899B671FAA684300949684 /* CardsTableViewController.swift */; };
		52899B6C1FAA6BE500949684 /* Card.xcdatamodeld in Sources */ = {isa = PBXBuildFile; fileRef = 52899B6A1FAA6BE500949684 /* Card.xcdatamodeld */; };
		52899B701FAA71A800949684 /* NewCardViewController.swift in Sources */ = {isa = PBXBuildFile; fileRef = 52899B6F1FAA71A800949684 /* NewCardViewController.swift */; };
		529FAF021FAF71A10097F1B1 /* DetailCardViewController.swift in Sources */ = {isa = PBXBuildFile; fileRef = 529FAF011FAF71A10097F1B1 /* DetailCardViewController.swift */; };
		529FAF041FAF76820097F1B1 /* CardPVC.swift in Sources */ = {isa = PBXBuildFile; fileRef = 529FAF031FAF76820097F1B1 /* CardPVC.swift */; };
		529FAF061FAF79C30097F1B1 /* CardContentViewController.swift in Sources */ = {isa = PBXBuildFile; fileRef = 529FAF051FAF79C30097F1B1 /* CardContentViewController.swift */; };
		529FAF081FAF8AD40097F1B1 /* UIColor.swift in Sources */ = {isa = PBXBuildFile; fileRef = 529FAF071FAF8AD40097F1B1 /* UIColor.swift */; };
		52B4AC7C1FA9AFC70028DC7D /* CardCell.swift in Sources */ = {isa = PBXBuildFile; fileRef = 52B4AC7B1FA9AFC70028DC7D /* CardCell.swift */; };
		52BC558E1FA68E02003A46D5 /* AppDelegate.swift in Sources */ = {isa = PBXBuildFile; fileRef = 52BC558D1FA68E02003A46D5 /* AppDelegate.swift */; };
		52BC55931FA68E02003A46D5 /* Main.storyboard in Resources */ = {isa = PBXBuildFile; fileRef = 52BC55911FA68E02003A46D5 /* Main.storyboard */; };
		52BC55981FA68E02003A46D5 /* Assets.xcassets in Resources */ = {isa = PBXBuildFile; fileRef = 52BC55971FA68E02003A46D5 /* Assets.xcassets */; };
		52BC559B1FA68E02003A46D5 /* LaunchScreen.storyboard in Resources */ = {isa = PBXBuildFile; fileRef = 52BC55991FA68E02003A46D5 /* LaunchScreen.storyboard */; };
/* End PBXBuildFile section */

/* Begin PBXFileReference section */
		5275849B1FAA7ECD001CB470 /* RoundedTextField.swift */ = {isa = PBXFileReference; lastKnownFileType = sourcecode.swift; path = RoundedTextField.swift; sourceTree = "<group>"; };
		52899B671FAA684300949684 /* CardsTableViewController.swift */ = {isa = PBXFileReference; lastKnownFileType = sourcecode.swift; path = CardsTableViewController.swift; sourceTree = "<group>"; };
		52899B6B1FAA6BE500949684 /* Card.xcdatamodel */ = {isa = PBXFileReference; lastKnownFileType = wrapper.xcdatamodel; path = Card.xcdatamodel; sourceTree = "<group>"; };
		52899B6F1FAA71A800949684 /* NewCardViewController.swift */ = {isa = PBXFileReference; lastKnownFileType = sourcecode.swift; path = NewCardViewController.swift; sourceTree = "<group>"; };
		529FAF011FAF71A10097F1B1 /* DetailCardViewController.swift */ = {isa = PBXFileReference; lastKnownFileType = sourcecode.swift; path = DetailCardViewController.swift; sourceTree = "<group>"; };
		529FAF031FAF76820097F1B1 /* CardPVC.swift */ = {isa = PBXFileReference; lastKnownFileType = sourcecode.swift; path = CardPVC.swift; sourceTree = "<group>"; };
		529FAF051FAF79C30097F1B1 /* CardContentViewController.swift */ = {isa = PBXFileReference; lastKnownFileType = sourcecode.swift; path = CardContentViewController.swift; sourceTree = "<group>"; };
		529FAF071FAF8AD40097F1B1 /* UIColor.swift */ = {isa = PBXFileReference; lastKnownFileType = sourcecode.swift; path = UIColor.swift; sourceTree = "<group>"; };
		52B4AC7B1FA9AFC70028DC7D /* CardCell.swift */ = {isa = PBXFileReference; lastKnownFileType = sourcecode.swift; path = CardCell.swift; sourceTree = "<group>"; };
		52BC558A1FA68E02003A46D5 /* LvivDiscount.app */ = {isa = PBXFileReference; explicitFileType = wrapper.application; includeInIndex = 0; path = LvivDiscount.app; sourceTree = BUILT_PRODUCTS_DIR; };
		52BC558D1FA68E02003A46D5 /* AppDelegate.swift */ = {isa = PBXFileReference; lastKnownFileType = sourcecode.swift; path = AppDelegate.swift; sourceTree = "<group>"; };
		52BC55921FA68E02003A46D5 /* Base */ = {isa = PBXFileReference; lastKnownFileType = file.storyboard; name = Base; path = Base.lproj/Main.storyboard; sourceTree = "<group>"; };
		52BC55971FA68E02003A46D5 /* Assets.xcassets */ = {isa = PBXFileReference; lastKnownFileType = folder.assetcatalog; path = Assets.xcassets; sourceTree = "<group>"; };
		52BC559A1FA68E02003A46D5 /* Base */ = {isa = PBXFileReference; lastKnownFileType = file.storyboard; name = Base; path = Base.lproj/LaunchScreen.storyboard; sourceTree = "<group>"; };
		52BC559C1FA68E02003A46D5 /* Info.plist */ = {isa = PBXFileReference; lastKnownFileType = text.plist.xml; path = Info.plist; sourceTree = "<group>"; };
/* End PBXFileReference section */

/* Begin PBXFrameworksBuildPhase section */
		52BC55871FA68E02003A46D5 /* Frameworks */ = {
			isa = PBXFrameworksBuildPhase;
			buildActionMask = 2147483647;
			files = (
			);
			runOnlyForDeploymentPostprocessing = 0;
		};
/* End PBXFrameworksBuildPhase section */

/* Begin PBXGroup section */
		52899B691FAA6A6400949684 /* Storyboard */ = {
			isa = PBXGroup;
			children = (
				52BC55911FA68E02003A46D5 /* Main.storyboard */,
				52BC55991FA68E02003A46D5 /* LaunchScreen.storyboard */,
			);
			path = Storyboard;
			sourceTree = "<group>";
		};
		52BC55811FA68E02003A46D5 = {
			isa = PBXGroup;
			children = (
				52BC558D1FA68E02003A46D5 /* AppDelegate.swift */,
				52BC558C1FA68E02003A46D5 /* LvivDiscount */,
				52BC558B1FA68E02003A46D5 /* Products */,
			);
			sourceTree = "<group>";
		};
		52BC558B1FA68E02003A46D5 /* Products */ = {
			isa = PBXGroup;
			children = (
				52BC558A1FA68E02003A46D5 /* LvivDiscount.app */,
			);
			name = Products;
			sourceTree = "<group>";
		};
		52BC558C1FA68E02003A46D5 /* LvivDiscount */ = {
			isa = PBXGroup;
			children = (
				52BC559C1FA68E02003A46D5 /* Info.plist */,
				529FAF071FAF8AD40097F1B1 /* UIColor.swift */,
				52899B691FAA6A6400949684 /* Storyboard */,
				52BC55A51FA68FAA003A46D5 /* View */,
				52BC55A41FA68FA1003A46D5 /* Model */,
				52BC55A61FA68FB1003A46D5 /* Controller */,
				52BC55A71FA68FBC003A46D5 /* Supporting files */,
			);
			path = LvivDiscount;
			sourceTree = "<group>";
		};
		52BC55A41FA68FA1003A46D5 /* Model */ = {
			isa = PBXGroup;
			children = (
			);
			path = Model;
			sourceTree = "<group>";
		};
		52BC55A51FA68FAA003A46D5 /* View */ = {
			isa = PBXGroup;
			children = (
				52B4AC7B1FA9AFC70028DC7D /* CardCell.swift */,
				5275849B1FAA7ECD001CB470 /* RoundedTextField.swift */,
			);
			path = View;
			sourceTree = "<group>";
		};
		52BC55A61FA68FB1003A46D5 /* Controller */ = {
			isa = PBXGroup;
			children = (
				52899B6F1FAA71A800949684 /* NewCardViewController.swift */,
				529FAF031FAF76820097F1B1 /* CardPVC.swift */,
				529FAF011FAF71A10097F1B1 /* DetailCardViewController.swift */,
				529FAF051FAF79C30097F1B1 /* CardContentViewController.swift */,
				52899B671FAA684300949684 /* CardsTableViewController.swift */,
			);
			path = Controller;
			sourceTree = "<group>";
		};
		52BC55A71FA68FBC003A46D5 /* Supporting files */ = {
			isa = PBXGroup;
			children = (
				52899B6A1FAA6BE500949684 /* Card.xcdatamodeld */,
				52BC55971FA68E02003A46D5 /* Assets.xcassets */,
			);
			path = "Supporting files";
			sourceTree = "<group>";
		};
/* End PBXGroup section */

/* Begin PBXNativeTarget section */
		52BC55891FA68E02003A46D5 /* LvivDiscount */ = {
			isa = PBXNativeTarget;
			buildConfigurationList = 52BC559F1FA68E02003A46D5 /* Build configuration list for PBXNativeTarget "LvivDiscount" */;
			buildPhases = (
				52BC55861FA68E02003A46D5 /* Sources */,
				52BC55871FA68E02003A46D5 /* Frameworks */,
				52BC55881FA68E02003A46D5 /* Resources */,
			);
			buildRules = (
			);
			dependencies = (
			);
			name = LvivDiscount;
			productName = LvivDiscount;
			productReference = 52BC558A1FA68E02003A46D5 /* LvivDiscount.app */;
			productType = "com.apple.product-type.application";
		};
/* End PBXNativeTarget section */

/* Begin PBXProject section */
		52BC55821FA68E02003A46D5 /* Project object */ = {
			isa = PBXProject;
			attributes = {
				LastSwiftUpdateCheck = 0900;
				LastUpgradeCheck = 0900;
				ORGANIZATIONNAME = "Roman Melnychok";
				TargetAttributes = {
					52BC55891FA68E02003A46D5 = {
						CreatedOnToolsVersion = 9.0.1;
						ProvisioningStyle = Automatic;
					};
				};
			};
			buildConfigurationList = 52BC55851FA68E02003A46D5 /* Build configuration list for PBXProject "LvivDiscount" */;
			compatibilityVersion = "Xcode 8.0";
			developmentRegion = en;
			hasScannedForEncodings = 0;
			knownRegions = (
				en,
				Base,
			);
			mainGroup = 52BC55811FA68E02003A46D5;
			productRefGroup = 52BC558B1FA68E02003A46D5 /* Products */;
			projectDirPath = "";
			projectRoot = "";
			targets = (
				52BC55891FA68E02003A46D5 /* LvivDiscount */,
			);
		};
/* End PBXProject section */

/* Begin PBXResourcesBuildPhase section */
		52BC55881FA68E02003A46D5 /* Resources */ = {
			isa = PBXResourcesBuildPhase;
			buildActionMask = 2147483647;
			files = (
				52BC559B1FA68E02003A46D5 /* LaunchScreen.storyboard in Resources */,
				52BC55981FA68E02003A46D5 /* Assets.xcassets in Resources */,
				52BC55931FA68E02003A46D5 /* Main.storyboard in Resources */,
			);
			runOnlyForDeploymentPostprocessing = 0;
		};
/* End PBXResourcesBuildPhase section */

/* Begin PBXSourcesBuildPhase section */
		52BC55861FA68E02003A46D5 /* Sources */ = {
			isa = PBXSourcesBuildPhase;
			buildActionMask = 2147483647;
			files = (
				529FAF061FAF79C30097F1B1 /* CardContentViewController.swift in Sources */,
				52B4AC7C1FA9AFC70028DC7D /* CardCell.swift in Sources */,
				52899B681FAA684300949684 /* CardsTableViewController.swift in Sources */,
				52BC558E1FA68E02003A46D5 /* AppDelegate.swift in Sources */,
				529FAF041FAF76820097F1B1 /* CardPVC.swift in Sources */,
				5275849C1FAA7ECD001CB470 /* RoundedTextField.swift in Sources */,
				529FAF021FAF71A10097F1B1 /* DetailCardViewController.swift in Sources */,
				52899B6C1FAA6BE500949684 /* Card.xcdatamodeld in Sources */,
				52899B701FAA71A800949684 /* NewCardViewController.swift in Sources */,
				529FAF081FAF8AD40097F1B1 /* UIColor.swift in Sources */,
			);
			runOnlyForDeploymentPostprocessing = 0;
		};
/* End PBXSourcesBuildPhase section */

/* Begin PBXVariantGroup section */
		52BC55911FA68E02003A46D5 /* Main.storyboard */ = {
			isa = PBXVariantGroup;
			children = (
				52BC55921FA68E02003A46D5 /* Base */,
			);
			name = Main.storyboard;
			sourceTree = "<group>";
		};
		52BC55991FA68E02003A46D5 /* LaunchScreen.storyboard */ = {
			isa = PBXVariantGroup;
			children = (
				52BC559A1FA68E02003A46D5 /* Base */,
			);
			name = LaunchScreen.storyboard;
			sourceTree = "<group>";
		};
/* End PBXVariantGroup section */

/* Begin XCBuildConfiguration section */
		52BC559D1FA68E02003A46D5 /* Debug */ = {
			isa = XCBuildConfiguration;
			buildSettings = {
				ALWAYS_SEARCH_USER_PATHS = NO;
				CLANG_ANALYZER_NONNULL = YES;
				CLANG_ANALYZER_NUMBER_OBJECT_CONVERSION = YES_AGGRESSIVE;
				CLANG_CXX_LANGUAGE_STANDARD = "gnu++14";
				CLANG_CXX_LIBRARY = "libc++";
				CLANG_ENABLE_MODULES = YES;
				CLANG_ENABLE_OBJC_ARC = YES;
				CLANG_WARN_BLOCK_CAPTURE_AUTORELEASING = YES;
				CLANG_WARN_BOOL_CONVERSION = YES;
				CLANG_WARN_COMMA = YES;
				CLANG_WARN_CONSTANT_CONVERSION = YES;
				CLANG_WARN_DIRECT_OBJC_ISA_USAGE = YES_ERROR;
				CLANG_WARN_DOCUMENTATION_COMMENTS = YES;
				CLANG_WARN_EMPTY_BODY = YES;
				CLANG_WARN_ENUM_CONVERSION = YES;
				CLANG_WARN_INFINITE_RECURSION = YES;
				CLANG_WARN_INT_CONVERSION = YES;
				CLANG_WARN_NON_LITERAL_NULL_CONVERSION = YES;
				CLANG_WARN_OBJC_LITERAL_CONVERSION = YES;
				CLANG_WARN_OBJC_ROOT_CLASS = YES_ERROR;
				CLANG_WARN_RANGE_LOOP_ANALYSIS = YES;
				CLANG_WARN_STRICT_PROTOTYPES = YES;
				CLANG_WARN_SUSPICIOUS_MOVE = YES;
				CLANG_WARN_UNGUARDED_AVAILABILITY = YES_AGGRESSIVE;
				CLANG_WARN_UNREACHABLE_CODE = YES;
				CLANG_WARN__DUPLICATE_METHOD_MATCH = YES;
				CODE_SIGN_IDENTITY = "iPhone Developer";
				COPY_PHASE_STRIP = NO;
				DEBUG_INFORMATION_FORMAT = dwarf;
				ENABLE_STRICT_OBJC_MSGSEND = YES;
				ENABLE_TESTABILITY = YES;
				GCC_C_LANGUAGE_STANDARD = gnu11;
				GCC_DYNAMIC_NO_PIC = NO;
				GCC_NO_COMMON_BLOCKS = YES;
				GCC_OPTIMIZATION_LEVEL = 0;
				GCC_PREPROCESSOR_DEFINITIONS = (
					"DEBUG=1",
					"$(inherited)",
				);
				GCC_WARN_64_TO_32_BIT_CONVERSION = YES;
				GCC_WARN_ABOUT_RETURN_TYPE = YES_ERROR;
				GCC_WARN_UNDECLARED_SELECTOR = YES;
				GCC_WARN_UNINITIALIZED_AUTOS = YES_AGGRESSIVE;
				GCC_WARN_UNUSED_FUNCTION = YES;
				GCC_WARN_UNUSED_VARIABLE = YES;
				IPHONEOS_DEPLOYMENT_TARGET = 11.0;
				MTL_ENABLE_DEBUG_INFO = YES;
				ONLY_ACTIVE_ARCH = YES;
				SDKROOT = iphoneos;
				SWIFT_ACTIVE_COMPILATION_CONDITIONS = DEBUG;
				SWIFT_OPTIMIZATION_LEVEL = "-Onone";
			};
			name = Debug;
		};
		52BC559E1FA68E02003A46D5 /* Release */ = {
			isa = XCBuildConfiguration;
			buildSettings = {
				ALWAYS_SEARCH_USER_PATHS = NO;
				CLANG_ANALYZER_NONNULL = YES;
				CLANG_ANALYZER_NUMBER_OBJECT_CONVERSION = YES_AGGRESSIVE;
				CLANG_CXX_LANGUAGE_STANDARD = "gnu++14";
				CLANG_CXX_LIBRARY = "libc++";
				CLANG_ENABLE_MODULES = YES;
				CLANG_ENABLE_OBJC_ARC = YES;
				CLANG_WARN_BLOCK_CAPTURE_AUTORELEASING = YES;
				CLANG_WARN_BOOL_CONVERSION = YES;
				CLANG_WARN_COMMA = YES;
				CLANG_WARN_CONSTANT_CONVERSION = YES;
				CLANG_WARN_DIRECT_OBJC_ISA_USAGE = YES_ERROR;
				CLANG_WARN_DOCUMENTATION_COMMENTS = YES;
				CLANG_WARN_EMPTY_BODY = YES;
				CLANG_WARN_ENUM_CONVERSION = YES;
				CLANG_WARN_INFINITE_RECURSION = YES;
				CLANG_WARN_INT_CONVERSION = YES;
				CLANG_WARN_NON_LITERAL_NULL_CONVERSION = YES;
				CLANG_WARN_OBJC_LITERAL_CONVERSION = YES;
				CLANG_WARN_OBJC_ROOT_CLASS = YES_ERROR;
				CLANG_WARN_RANGE_LOOP_ANALYSIS = YES;
				CLANG_WARN_STRICT_PROTOTYPES = YES;
				CLANG_WARN_SUSPICIOUS_MOVE = YES;
				CLANG_WARN_UNGUARDED_AVAILABILITY = YES_AGGRESSIVE;
				CLANG_WARN_UNREACHABLE_CODE = YES;
				CLANG_WARN__DUPLICATE_METHOD_MATCH = YES;
				CODE_SIGN_IDENTITY = "iPhone Developer";
				COPY_PHASE_STRIP = NO;
				DEBUG_INFORMATION_FORMAT = "dwarf-with-dsym";
				ENABLE_NS_ASSERTIONS = NO;
				ENABLE_STRICT_OBJC_MSGSEND = YES;
				GCC_C_LANGUAGE_STANDARD = gnu11;
				GCC_NO_COMMON_BLOCKS = YES;
				GCC_WARN_64_TO_32_BIT_CONVERSION = YES;
				GCC_WARN_ABOUT_RETURN_TYPE = YES_ERROR;
				GCC_WARN_UNDECLARED_SELECTOR = YES;
				GCC_WARN_UNINITIALIZED_AUTOS = YES_AGGRESSIVE;
				GCC_WARN_UNUSED_FUNCTION = YES;
				GCC_WARN_UNUSED_VARIABLE = YES;
				IPHONEOS_DEPLOYMENT_TARGET = 11.0;
				MTL_ENABLE_DEBUG_INFO = NO;
				SDKROOT = iphoneos;
				SWIFT_OPTIMIZATION_LEVEL = "-Owholemodule";
				VALIDATE_PRODUCT = YES;
			};
			name = Release;
		};
		52BC55A01FA68E02003A46D5 /* Debug */ = {
			isa = XCBuildConfiguration;
			buildSettings = {
				ASSETCATALOG_COMPILER_APPICON_NAME = AppIcon;
				CODE_SIGN_STYLE = Automatic;
				DEVELOPMENT_TEAM = 947J5M2JCF;
				INFOPLIST_FILE = LvivDiscount/Info.plist;
				LD_RUNPATH_SEARCH_PATHS = "$(inherited) @executable_path/Frameworks";
				PRODUCT_BUNDLE_IDENTIFIER = to.romel.LvivDiscount;
				PRODUCT_NAME = "$(TARGET_NAME)";
				SWIFT_VERSION = 4.0;
				TARGETED_DEVICE_FAMILY = 1;
			};
			name = Debug;
		};
		52BC55A11FA68E02003A46D5 /* Release */ = {
			isa = XCBuildConfiguration;
			buildSettings = {
				ASSETCATALOG_COMPILER_APPICON_NAME = AppIcon;
				CODE_SIGN_STYLE = Automatic;
				DEVELOPMENT_TEAM = 947J5M2JCF;
				INFOPLIST_FILE = LvivDiscount/Info.plist;
				LD_RUNPATH_SEARCH_PATHS = "$(inherited) @executable_path/Frameworks";
				PRODUCT_BUNDLE_IDENTIFIER = to.romel.LvivDiscount;
				PRODUCT_NAME = "$(TARGET_NAME)";
				SWIFT_VERSION = 4.0;
				TARGETED_DEVICE_FAMILY = 1;
			};
			name = Release;
		};
/* End XCBuildConfiguration section */

/* Begin XCConfigurationList section */
		52BC55851FA68E02003A46D5 /* Build configuration list for PBXProject "LvivDiscount" */ = {
			isa = XCConfigurationList;
			buildConfigurations = (
				52BC559D1FA68E02003A46D5 /* Debug */,
				52BC559E1FA68E02003A46D5 /* Release */,
			);
			defaultConfigurationIsVisible = 0;
			defaultConfigurationName = Release;
		};
		52BC559F1FA68E02003A46D5 /* Build configuration list for PBXNativeTarget "LvivDiscount" */ = {
			isa = XCConfigurationList;
			buildConfigurations = (
				52BC55A01FA68E02003A46D5 /* Debug */,
				52BC55A11FA68E02003A46D5 /* Release */,
			);
			defaultConfigurationIsVisible = 0;
			defaultConfigurationName = Release;
		};
/* End XCConfigurationList section */

/* Begin XCVersionGroup section */
		52899B6A1FAA6BE500949684 /* Card.xcdatamodeld */ = {
			isa = XCVersionGroup;
			children = (
				52899B6B1FAA6BE500949684 /* Card.xcdatamodel */,
			);
			currentVersion = 52899B6B1FAA6BE500949684 /* Card.xcdatamodel */;
			path = Card.xcdatamodeld;
			sourceTree = "<group>";
			versionGroupType = wrapper.xcdatamodel;
		};
/* End XCVersionGroup section */
	};
	rootObject = 52BC55821FA68E02003A46D5 /* Project object */;
}
